{
  "name": "n3-neon",
  "version": "1.0.0",
  "lockfileVersion": 3,
  "requires": true,
  "packages": {
    "": {
      "name": "n3-neon",
      "version": "1.0.0",
      "license": "ISC",
      "dependencies": {
        "@cityofzion/neon-js": "^5.5.1"
      }
    },
    "node_modules/@cityofzion/neon-api": {
      "version": "5.4.0",
      "resolved": "https://registry.npmjs.org/@cityofzion/neon-api/-/neon-api-5.4.0.tgz",
      "integrity": "sha512-FHjdq2RnZLK37Hpd71yhVMkmbhl/iyPrmmAiEKb4mf5/rLtbNaKEEEJsxRkSNasio9+14cd7+BecIZ/35L1Sbg==",
      "peerDependencies": {
        "@cityofzion/neon-core": "^5.0.0"
      }
    },
    "node_modules/@cityofzion/neon-core": {
      "version": "5.5.1",
      "resolved": "https://registry.npmjs.org/@cityofzion/neon-core/-/neon-core-5.5.1.tgz",
      "integrity": "sha512-cqJ+RYTdUVoUl2e3I5bqgAvYFuqGd2M8lmgUgH/+kf0zS0b8EuKwliauJ2EA56fudwaXtCmmHZTfRBFs+RJ2vw==",
      "dependencies": {
        "bn.js": "5.2.1",
        "bs58": "5.0.0",
        "buffer": "6.0.3",
        "cross-fetch": "^3.1.5",
        "crypto-js": "4.1.1",
        "elliptic": "6.5.4",
        "ethereum-cryptography": "2.0.0",
        "lodash": "4.17.21",
        "loglevel": "1.8.1",
        "loglevel-plugin-prefix": "0.8.4"
      },
      "engines": {
        "node": ">=16.19.0"
      }
    },
    "node_modules/@cityofzion/neon-js": {
      "version": "5.5.1",
      "resolved": "https://registry.npmjs.org/@cityofzion/neon-js/-/neon-js-5.5.1.tgz",
      "integrity": "sha512-iCoE5PGKy3Kj36dR3aevkVOKK4yB1Mq/0WEUQzrzMkGOGBNJXa2+cTtmSi39tDkgxSHibvS77S5oZ6QGIXMCdg==",
      "dependencies": {
        "@cityofzion/neon-api": "^5.4.0",
        "@cityofzion/neon-core": "^5.5.1"
      }
    },
    "node_modules/@noble/curves": {
      "version": "1.0.0",
      "resolved": "https://registry.npmjs.org/@noble/curves/-/curves-1.0.0.tgz",
      "integrity": "sha512-2upgEu0iLiDVDZkNLeFV2+ht0BAVgQnEmCk6JsOch9Rp8xfkMCbvbAZlA2pBHQc73dbl+vFOXfqkf4uemdn0bw==",
      "funding": [
        {
          "type": "individual",
          "url": "https://paulmillr.com/funding/"
        }
      ],
      "dependencies": {
        "@noble/hashes": "1.3.0"
      }
    },
    "node_modules/@noble/hashes": {
      "version": "1.3.0",
      "resolved": "https://registry.npmjs.org/@noble/hashes/-/hashes-1.3.0.tgz",
      "integrity": "sha512-ilHEACi9DwqJB0pw7kv+Apvh50jiiSyR/cQ3y4W7lOR5mhvn/50FLUfsnfJz0BDZtl/RR16kXvptiv6q1msYZg==",
      "funding": [
        {
          "type": "individual",
          "url": "https://paulmillr.com/funding/"
        }
      ]
    },
    "node_modules/@scure/base": {
      "version": "1.1.6",
      "resolved": "https://registry.npmjs.org/@scure/base/-/base-1.1.6.tgz",
      "integrity": "sha512-ok9AWwhcgYuGG3Zfhyqg+zwl+Wn5uE+dwC0NV/2qQkx4dABbb/bx96vWu8NSj+BNjjSjno+JRYRjle1jV08k3g==",
      "funding": {
        "url": "https://paulmillr.com/funding/"
      }
    },
    "node_modules/@scure/bip32": {
      "version": "1.3.0",
      "resolved": "https://registry.npmjs.org/@scure/bip32/-/bip32-1.3.0.tgz",
      "integrity": "sha512-bcKpo1oj54hGholplGLpqPHRbIsnbixFtc06nwuNM5/dwSXOq/AAYoIBRsBmnZJSdfeNW5rnff7NTAz3ZCqR9Q==",
      "funding": [
        {
          "type": "individual",
          "url": "https://paulmillr.com/funding/"
        }
      ],
      "dependencies": {
        "@noble/curves": "~1.0.0",
        "@noble/hashes": "~1.3.0",
        "@scure/base": "~1.1.0"
      }
    },
    "node_modules/@scure/bip39": {
      "version": "1.2.0",
      "resolved": "https://registry.npmjs.org/@scure/bip39/-/bip39-1.2.0.tgz",
      "integrity": "sha512-SX/uKq52cuxm4YFXWFaVByaSHJh2w3BnokVSeUJVCv6K7WulT9u2BuNRBhuFl8vAuYnzx9bEu9WgpcNYTrYieg==",
      "funding": [
        {
          "type": "individual",
          "url": "https://paulmillr.com/funding/"
        }
      ],
      "dependencies": {
        "@noble/hashes": "~1.3.0",
        "@scure/base": "~1.1.0"
      }
    },
    "node_modules/base-x": {
      "version": "4.0.0",
      "resolved": "https://registry.npmjs.org/base-x/-/base-x-4.0.0.tgz",
      "integrity": "sha512-FuwxlW4H5kh37X/oW59pwTzzTKRzfrrQwhmyspRM7swOEZcHtDZSCt45U6oKgtuFE+WYPblePMVIPR4RZrh/hw=="
    },
    "node_modules/base64-js": {
      "version": "1.5.1",
      "resolved": "https://registry.npmjs.org/base64-js/-/base64-js-1.5.1.tgz",
      "integrity": "sha512-AKpaYlHn8t4SVbOHCy+b5+KKgvR4vrsD8vbvrbiQJps7fKDTkjkDry6ji0rUJjC0kzbNePLwzxq8iypo41qeWA==",
      "funding": [
        {
          "type": "github",
          "url": "https://github.com/sponsors/feross"
        },
        {
          "type": "patreon",
          "url": "https://www.patreon.com/feross"
        },
        {
          "type": "consulting",
          "url": "https://feross.org/support"
        }
      ]
    },
    "node_modules/bn.js": {
      "version": "5.2.1",
      "resolved": "https://registry.npmjs.org/bn.js/-/bn.js-5.2.1.tgz",
      "integrity": "sha512-eXRvHzWyYPBuB4NBy0cmYQjGitUrtqwbvlzP3G6VFnNRbsZQIxQ10PbKKHt8gZ/HW/D/747aDl+QkDqg3KQLMQ=="
    },
    "node_modules/brorand": {
      "version": "1.1.0",
      "resolved": "https://registry.npmjs.org/brorand/-/brorand-1.1.0.tgz",
      "integrity": "sha512-cKV8tMCEpQs4hK/ik71d6LrPOnpkpGBR0wzxqr68g2m/LB2GxVYQroAjMJZRVM1Y4BCjCKc3vAamxSzOY2RP+w=="
    },
    "node_modules/bs58": {
      "version": "5.0.0",
      "resolved": "https://registry.npmjs.org/bs58/-/bs58-5.0.0.tgz",
      "integrity": "sha512-r+ihvQJvahgYT50JD05dyJNKlmmSlMoOGwn1lCcEzanPglg7TxYjioQUYehQ9mAR/+hOSd2jRc/Z2y5UxBymvQ==",
      "dependencies": {
        "base-x": "^4.0.0"
      }
    },
    "node_modules/buffer": {
      "version": "6.0.3",
      "resolved": "https://registry.npmjs.org/buffer/-/buffer-6.0.3.tgz",
      "integrity": "sha512-FTiCpNxtwiZZHEZbcbTIcZjERVICn9yq/pDFkTl95/AxzD1naBctN7YO68riM/gLSDY7sdrMby8hofADYuuqOA==",
      "funding": [
        {
          "type": "github",
          "url": "https://github.com/sponsors/feross"
        },
        {
          "type": "patreon",
          "url": "https://www.patreon.com/feross"
        },
        {
          "type": "consulting",
          "url": "https://feross.org/support"
        }
      ],
      "dependencies": {
        "base64-js": "^1.3.1",
        "ieee754": "^1.2.1"
      }
    },
    "node_modules/cross-fetch": {
      "version": "3.1.8",
      "resolved": "https://registry.npmjs.org/cross-fetch/-/cross-fetch-3.1.8.tgz",
      "integrity": "sha512-cvA+JwZoU0Xq+h6WkMvAUqPEYy92Obet6UdKLfW60qn99ftItKjB5T+BkyWOFWe2pUyfQ+IJHmpOTznqk1M6Kg==",
      "dependencies": {
        "node-fetch": "^2.6.12"
      }
    },
    "node_modules/crypto-js": {
      "version": "4.1.1",
      "resolved": "https://registry.npmjs.org/crypto-js/-/crypto-js-4.1.1.tgz",
      "integrity": "sha512-o2JlM7ydqd3Qk9CA0L4NL6mTzU2sdx96a+oOfPu8Mkl/PK51vSyoi8/rQ8NknZtk44vq15lmhAj9CIAGwgeWKw=="
    },
    "node_modules/elliptic": {
      "version": "6.5.4",
      "resolved": "https://registry.npmjs.org/elliptic/-/elliptic-6.5.4.tgz",
      "integrity": "sha512-iLhC6ULemrljPZb+QutR5TQGB+pdW6KGD5RSegS+8sorOZT+rdQFbsQFJgvN3eRqNALqJer4oQ16YvJHlU8hzQ==",
      "dependencies": {
        "bn.js": "^4.11.9",
        "brorand": "^1.1.0",
        "hash.js": "^1.0.0",
        "hmac-drbg": "^1.0.1",
        "inherits": "^2.0.4",
        "minimalistic-assert": "^1.0.1",
        "minimalistic-crypto-utils": "^1.0.1"
      }
    },
    "node_modules/elliptic/node_modules/bn.js": {
      "version": "4.12.0",
      "resolved": "https://registry.npmjs.org/bn.js/-/bn.js-4.12.0.tgz",
      "integrity": "sha512-c98Bf3tPniI+scsdk237ku1Dc3ujXQTSgyiPUDEOe7tRkhrqridvh8klBv0HCEso1OLOYcHuCv/cS6DNxKH+ZA=="
    },
    "node_modules/ethereum-cryptography": {
      "version": "2.0.0",
      "resolved": "https://registry.npmjs.org/ethereum-cryptography/-/ethereum-cryptography-2.0.0.tgz",
      "integrity": "sha512-g25m4EtfQGjstWgVE1aIz7XYYjf3kH5kG17ULWVB5dH6uLahsoltOhACzSxyDV+fhn4gbR4xRrOXGe6r2uh4Bg==",
      "dependencies": {
        "@noble/curves": "1.0.0",
        "@noble/hashes": "1.3.0",
        "@scure/bip32": "1.3.0",
        "@scure/bip39": "1.2.0"
      }
    },
    "node_modules/hash.js": {
      "version": "1.1.7",
      "resolved": "https://registry.npmjs.org/hash.js/-/hash.js-1.1.7.tgz",
      "integrity": "sha512-taOaskGt4z4SOANNseOviYDvjEJinIkRgmp7LbKP2YTTmVxWBl87s/uzK9r+44BclBSp2X7K1hqeNfz9JbBeXA==",
      "dependencies": {
        "inherits": "^2.0.3",
        "minimalistic-assert": "^1.0.1"
      }
    },
    "node_modules/hmac-drbg": {
      "version": "1.0.1",
      "resolved": "https://registry.npmjs.org/hmac-drbg/-/hmac-drbg-1.0.1.tgz",
      "integrity": "sha512-Tti3gMqLdZfhOQY1Mzf/AanLiqh1WTiJgEj26ZuYQ9fbkLomzGchCws4FyrSd4VkpBfiNhaE1On+lOz894jvXg==",
      "dependencies": {
        "hash.js": "^1.0.3",
        "minimalistic-assert": "^1.0.0",
        "minimalistic-crypto-utils": "^1.0.1"
      }
    },
    "node_modules/ieee754": {
      "version": "1.2.1",
      "resolved": "https://registry.npmjs.org/ieee754/-/ieee754-1.2.1.tgz",
      "integrity": "sha512-dcyqhDvX1C46lXZcVqCpK+FtMRQVdIMN6/Df5js2zouUsqG7I6sFxitIC+7KYK29KdXOLHdu9zL4sFnoVQnqaA==",
      "funding": [
        {
          "type": "github",
          "url": "https://github.com/sponsors/feross"
        },
        {
          "type": "patreon",
          "url": "https://www.patreon.com/feross"
        },
        {
          "type": "consulting",
          "url": "https://feross.org/support"
        }
      ]
    },
    "node_modules/inherits": {
      "version": "2.0.4",
      "resolved": "https://registry.npmjs.org/inherits/-/inherits-2.0.4.tgz",
      "integrity": "sha512-k/vGaX4/Yla3WzyMCvTQOXYeIHvqOKtnqBduzTHpzpQZzAskKMhZ2K+EnBiSM9zGSoIFeMpXKxa4dYeZIQqewQ=="
    },
    "node_modules/lodash": {
      "version": "4.17.21",
      "resolved": "https://registry.npmjs.org/lodash/-/lodash-4.17.21.tgz",
      "integrity": "sha512-v2kDEe57lecTulaDIuNTPy3Ry4gLGJ6Z1O3vE1krgXZNrsQ+LFTGHVxVjcXPs17LhbZVGedAJv8XZ1tvj5FvSg=="
    },
    "node_modules/loglevel": {
      "version": "1.8.1",
      "resolved": "https://registry.npmjs.org/loglevel/-/loglevel-1.8.1.tgz",
      "integrity": "sha512-tCRIJM51SHjAayKwC+QAg8hT8vg6z7GSgLJKGvzuPb1Wc+hLzqtuVLxp6/HzSPOozuK+8ErAhy7U/sVzw8Dgfg==",
      "engines": {
        "node": ">= 0.6.0"
      },
      "funding": {
        "type": "tidelift",
        "url": "https://tidelift.com/funding/github/npm/loglevel"
      }
    },
    "node_modules/loglevel-plugin-prefix": {
      "version": "0.8.4",
      "resolved": "https://registry.npmjs.org/loglevel-plugin-prefix/-/loglevel-plugin-prefix-0.8.4.tgz",
      "integrity": "sha512-WpG9CcFAOjz/FtNht+QJeGpvVl/cdR6P0z6OcXSkr8wFJOsV2GRj2j10JLfjuA4aYkcKCNIEqRGCyTife9R8/g=="
    },
    "node_modules/minimalistic-assert": {
      "version": "1.0.1",
      "resolved": "https://registry.npmjs.org/minimalistic-assert/-/minimalistic-assert-1.0.1.tgz",
      "integrity": "sha512-UtJcAD4yEaGtjPezWuO9wC4nwUnVH/8/Im3yEHQP4b67cXlD/Qr9hdITCU1xDbSEXg2XKNaP8jsReV7vQd00/A=="
    },
    "node_modules/minimalistic-crypto-utils": {
      "version": "1.0.1",
      "resolved": "https://registry.npmjs.org/minimalistic-crypto-utils/-/minimalistic-crypto-utils-1.0.1.tgz",
      "integrity": "sha512-JIYlbt6g8i5jKfJ3xz7rF0LXmv2TkDxBLUkiBeZ7bAx4GnnNMr8xFpGnOxn6GhTEHx3SjRrZEoU+j04prX1ktg=="
    },
    "node_modules/node-fetch": {
      "version": "2.7.0",
      "resolved": "https://registry.npmjs.org/node-fetch/-/node-fetch-2.7.0.tgz",
      "integrity": "sha512-c4FRfUm/dbcWZ7U+1Wq0AwCyFL+3nt2bEw05wfxSz+DWpWsitgmSgYmy2dQdWyKC1694ELPqMs/YzUSNozLt8A==",
      "dependencies": {
        "whatwg-url": "^5.0.0"
      },
      "engines": {
        "node": "4.x || >=6.0.0"
      },
      "peerDependencies": {
        "encoding": "^0.1.0"
      },
      "peerDependenciesMeta": {
        "encoding": {
          "optional": true
        }
      }
    },
    "node_modules/tr46": {
      "version": "0.0.3",
      "resolved": "https://registry.npmjs.org/tr46/-/tr46-0.0.3.tgz",
      "integrity": "sha512-N3WMsuqV66lT30CrXNbEjx4GEwlow3v6rr4mCcv6prnfwhS01rkgyFdjPNBYd9br7LpXV1+Emh01fHnq2Gdgrw=="
    },
    "node_modules/webidl-conversions": {
      "version": "3.0.1",
      "resolved": "https://registry.npmjs.org/webidl-conversions/-/webidl-conversions-3.0.1.tgz",
      "integrity": "sha512-2JAn3z8AR6rjK8Sm8orRC0h/bcl/DqL7tRPdGZ4I1CjdF+EaMLmYxBHyXuKL849eucPFhvBoxMsflfOb8kxaeQ=="
    },
    "node_modules/whatwg-url": {
      "version": "5.0.0",
      "resolved": "https://registry.npmjs.org/whatwg-url/-/whatwg-url-5.0.0.tgz",
      "integrity": "sha512-saE57nupxk6v3HY35+jzBwYa0rKSy0XR8JSxZPwgLr7ys0IBzhGviA1/TUGJLmSVqs8pb9AnvICXEuOHLprYTw==",
      "dependencies": {
        "tr46": "~0.0.3",
        "webidl-conversions": "^3.0.0"
      }
    }
  }
}
